// !$*UTF8*$!
{
	archiveVersion = 1;
	classes = {
	};
	objectVersion = 48;
	objects = {

/* Begin PBXBuildFile section */
		DB08DECC209882DB0055CAC2 /* AppDelegate.swift in Sources */ = {isa = PBXBuildFile; fileRef = DB08DECB209882DB0055CAC2 /* AppDelegate.swift */; };
		DB08DECE209882DB0055CAC2 /* ViewController.swift in Sources */ = {isa = PBXBuildFile; fileRef = DB08DECD209882DB0055CAC2 /* ViewController.swift */; };
		DB08DED1209882DB0055CAC2 /* Main.storyboard in Resources */ = {isa = PBXBuildFile; fileRef = DB08DECF209882DB0055CAC2 /* Main.storyboard */; };
		DB08DED3209882DB0055CAC2 /* Assets.xcassets in Resources */ = {isa = PBXBuildFile; fileRef = DB08DED2209882DB0055CAC2 /* Assets.xcassets */; };
		DB08DED6209882DB0055CAC2 /* LaunchScreen.storyboard in Resources */ = {isa = PBXBuildFile; fileRef = DB08DED4209882DB0055CAC2 /* LaunchScreen.storyboard */; };
/* End PBXBuildFile section */

/* Begin PBXFileReference section */
		DB08DEC8209882DB0055CAC2 /* xyz.app */ = {isa = PBXFileReference; explicitFileType = wrapper.application; includeInIndex = 0; path = xyz.app; sourceTree = BUILT_PRODUCTS_DIR; };
		DB08DECB209882DB0055CAC2 /* AppDelegate.swift */ = {isa = PBXFileReference; lastKnownFileType = sourcecode.swift; path = AppDelegate.swift; sourceTree = "<group>"; };
		DB08DECD209882DB0055CAC2 /* ViewController.swift */ = {isa = PBXFileReference; lastKnownFileType = sourcecode.swift; path = ViewController.swift; sourceTree = "<group>"; };
		DB08DED0209882DB0055CAC2 /* Base */ = {isa = PBXFileReference; lastKnownFileType = file.storyboard; name = Base; path = Base.lproj/Main.storyboard; sourceTree = "<group>"; };
		DB08DED2209882DB0055CAC2 /* Assets.xcassets */ = {isa = PBXFileReference; lastKnownFileType = folder.assetcatalog; path = Assets.xcassets; sourceTree = "<group>"; };
		DB08DED5209882DB0055CAC2 /* Base */ = {isa = PBXFileReference; lastKnownFileType = file.storyboard; name = Base; path = Base.lproj/LaunchScreen.storyboard; sourceTree = "<group>"; };
		DB08DED7209882DB0055CAC2 /* Info.plist */ = {isa = PBXFileReference; lastKnownFileType = text.plist.xml; path = Info.plist; sourceTree = "<group>"; };
/* End PBXFileReference section */

/* Begin PBXFrameworksBuildPhase section */
		DB08DEC5209882DB0055CAC2 /* Frameworks */ = {
			isa = PBXFrameworksBuildPhase;
			buildActionMask = 2147483647;
			files = (
			);
			runOnlyForDeploymentPostprocessing = 0;
		};
/* End PBXFrameworksBuildPhase section */

/* Begin PBXGroup section */
		DB08DEBF209882DB0055CAC2 = {
			isa = PBXGroup;
			children = (
				DB08DECA209882DB0055CAC2 /* xyz */,
				DB08DEC9209882DB0055CAC2 /* Products */,
			);
			sourceTree = "<group>";
		};
		DB08DEC9209882DB0055CAC2 /* Products */ = {
			isa = PBXGroup;
			children = (
				DB08DEC8209882DB0055CAC2 /* xyz.app */,
			);
			name = Products;
			sourceTree = "<group>";
		};
		DB08DECA209882DB0055CAC2 /* xyz */ = {
			isa = PBXGroup;
			children = (
				DB08DECB209882DB0055CAC2 /* AppDelegate.swift */,
				DB08DECD209882DB0055CAC2 /* ViewController.swift */,
				DB08DECF209882DB0055CAC2 /* Main.storyboard */,
				DB08DED2209882DB0055CAC2 /* Assets.xcassets */,
				DB08DED4209882DB0055CAC2 /* LaunchScreen.storyboard */,
				DB08DED7209882DB0055CAC2 /* Info.plist */,
			);
			path = xyz;
			sourceTree = "<group>";
		};
/* End PBXGroup section */

/* Begin PBXNativeTarget section */
		DB08DEC7209882DB0055CAC2 /* xyz */ = {
			isa = PBXNativeTarget;
			buildConfigurationList = DB08DEDA209882DB0055CAC2 /* Build configuration list for PBXNativeTarget "xyz" */;
			buildPhases = (
				DB08DEC4209882DB0055CAC2 /* Sources */,
				DB08DEC5209882DB0055CAC2 /* Frameworks */,
				DB08DEC6209882DB0055CAC2 /* Resources */,
			);
			buildRules = (
			);
			dependencies = (
			);
			name = xyz;
			productName = xyz;
			productReference = DB08DEC8209882DB0055CAC2 /* xyz.app */;
			productType = "com.apple.product-type.application";
		};
/* End PBXNativeTarget section */

/* Begin PBXProject section */
		DB08DEC0209882DB0055CAC2 /* Project object */ = {
			isa = PBXProject;
			attributes = {
				LastSwiftUpdateCheck = 0920;
				LastUpgradeCheck = 0920;
				ORGANIZATIONNAME = prabhakar;
				TargetAttributes = {
					DB08DEC7209882DB0055CAC2 = {
						CreatedOnToolsVersion = 9.2;
						ProvisioningStyle = Automatic;
					};
				};
			};
			buildConfigurationList = DB08DEC3209882DB0055CAC2 /* Build configuration list for PBXProject "xyz" */;
			compatibilityVersion = "Xcode 8.0";
			developmentRegion = en;
			hasScannedForEncodings = 0;
			knownRegions = (
				en,
				Base,
			);
			mainGroup = DB08DEBF209882DB0055CAC2;
			productRefGroup = DB08DEC9209882DB0055CAC2 /* Products */;
			projectDirPath = "";
			projectRoot = "";
			targets = (
				DB08DEC7209882DB0055CAC2 /* xyz */,
			);
		};
/* End PBXProject section */

/* Begin PBXResourcesBuildPhase section */
		DB08DEC6209882DB0055CAC2 /* Resources */ = {
			isa = PBXResourcesBuildPhase;
			buildActionMask = 2147483647;
			files = (
				DB08DED6209882DB0055CAC2 /* LaunchScreen.storyboard in Resources */,
				DB08DED3209882DB0055CAC2 /* Assets.xcassets in Resources */,
				DB08DED1209882DB0055CAC2 /* Main.storyboard in Resources */,
			);
			runOnlyForDeploymentPostprocessing = 0;
		};
/* End PBXResourcesBuildPhase section */

/* Begin PBXSourcesBuildPhase section */
		DB08DEC4209882DB0055CAC2 /* Sources */ = {
			isa = PBXSourcesBuildPhase;
			buildActionMask = 2147483647;
			files = (
				DB08DECE209882DB0055CAC2 /* ViewController.swift in Sources */,
				DB08DECC209882DB0055CAC2 /* AppDelegate.swift in Sources */,
			);
			runOnlyForDeploymentPostprocessing = 0;
		};
/* End PBXSourcesBuildPhase section */

/* Begin PBXVariantGroup section */
		DB08DECF209882DB0055CAC2 /* Main.storyboard */ = {
			isa = PBXVariantGroup;
			children = (
				DB08DED0209882DB0055CAC2 /* Base */,
			);
			name = Main.storyboard;
			sourceTree = "<group>";
		};
		DB08DED4209882DB0055CAC2 /* LaunchScreen.storyboard */ = {
			isa = PBXVariantGroup;
			children = (
				DB08DED5209882DB0055CAC2 /* Base */,
			);
			name = LaunchScreen.storyboard;
			sourceTree = "<group>";
		};
/* End PBXVariantGroup section */

/* Begin XCBuildConfiguration section */
		DB08DED8209882DB0055CAC2 /* Debug */ = {
			isa = XCBuildConfiguration;
			buildSettings = {
				ALWAYS_SEARCH_USER_PATHS = NO;
				CLANG_ANALYZER_NONNULL = YES;
				CLANG_ANALYZER_NUMBER_OBJECT_CONVERSION = YES_AGGRESSIVE;
				CLANG_CXX_LANGUAGE_STANDARD = "gnu++14";
				CLANG_CXX_LIBRARY = "libc++";
				CLANG_ENABLE_MODULES = YES;
				CLANG_ENABLE_OBJC_ARC = YES;
				CLANG_WARN_BLOCK_CAPTURE_AUTORELEASING = YES;
				CLANG_WARN_BOOL_CONVERSION = YES;
				CLANG_WARN_COMMA = YES;
				CLANG_WARN_CONSTANT_CONVERSION = YES;
				CLANG_WARN_DIRECT_OBJC_ISA_USAGE = YES_ERROR;
				CLANG_WARN_DOCUMENTATION_COMMENTS = YES;
				CLANG_WARN_EMPTY_BODY = YES;
				CLANG_WARN_ENUM_CONVERSION = YES;
				CLANG_WARN_INFINITE_RECURSION = YES;
				CLANG_WARN_INT_CONVERSION = YES;
				CLANG_WARN_NON_LITERAL_NULL_CONVERSION = YES;
				CLANG_WARN_OBJC_LITERAL_CONVERSION = YES;
				CLANG_WARN_OBJC_ROOT_CLASS = YES_ERROR;
				CLANG_WARN_RANGE_LOOP_ANALYSIS = YES;
				CLANG_WARN_STRICT_PROTOTYPES = YES;
				CLANG_WARN_SUSPICIOUS_MOVE = YES;
				CLANG_WARN_UNGUARDED_AVAILABILITY = YES_AGGRESSIVE;
				CLANG_WARN_UNREACHABLE_CODE = YES;
				CLANG_WARN__DUPLICATE_METHOD_MATCH = YES;
				CODE_SIGN_IDENTITY = "iPhone Developer";
				COPY_PHASE_STRIP = NO;
				DEBUG_INFORMATION_FORMAT = dwarf;
				ENABLE_STRICT_OBJC_MSGSEND = YES;
				ENABLE_TESTABILITY = YES;
				GCC_C_LANGUAGE_STANDARD = gnu11;
				GCC_DYNAMIC_NO_PIC = NO;
				GCC_NO_COMMON_BLOCKS = YES;
				GCC_OPTIMIZATION_LEVEL = 0;
				GCC_PREPROCESSOR_DEFINITIONS = (
					"DEBUG=1",
					"$(inherited)",
				);
				GCC_WARN_64_TO_32_BIT_CONVERSION = YES;
				GCC_WARN_ABOUT_RETURN_TYPE = YES_ERROR;
				GCC_WARN_UNDECLARED_SELECTOR = YES;
				GCC_WARN_UNINITIALIZED_AUTOS = YES_AGGRESSIVE;
				GCC_WARN_UNUSED_FUNCTION = YES;
				GCC_WARN_UNUSED_VARIABLE = YES;
				IPHONEOS_DEPLOYMENT_TARGET = 11.2;
				MTL_ENABLE_DEBUG_INFO = YES;
				ONLY_ACTIVE_ARCH = YES;
				SDKROOT = iphoneos;
				SWIFT_ACTIVE_COMPILATION_CONDITIONS = DEBUG;
				SWIFT_OPTIMIZATION_LEVEL = "-Onone";
			};
			name = Debug;
		};
		DB08DED9209882DB0055CAC2 /* Release */ = {
			isa = XCBuildConfiguration;
			buildSettings = {
				ALWAYS_SEARCH_USER_PATHS = NO;
				CLANG_ANALYZER_NONNULL = YES;
				CLANG_ANALYZER_NUMBER_OBJECT_CONVERSION = YES_AGGRESSIVE;
				CLANG_CXX_LANGUAGE_STANDARD = "gnu++14";
				CLANG_CXX_LIBRARY = "libc++";
				CLANG_ENABLE_MODULES = YES;
				CLANG_ENABLE_OBJC_ARC = YES;
				CLANG_WARN_BLOCK_CAPTURE_AUTORELEASING = YES;
				CLANG_WARN_BOOL_CONVERSION = YES;
				CLANG_WARN_COMMA = YES;
				CLANG_WARN_CONSTANT_CONVERSION = YES;
				CLANG_WARN_DIRECT_OBJC_ISA_USAGE = YES_ERROR;
				CLANG_WARN_DOCUMENTATION_COMMENTS = YES;
				CLANG_WARN_EMPTY_BODY = YES;
				CLANG_WARN_ENUM_CONVERSION = YES;
				CLANG_WARN_INFINITE_RECURSION = YES;
				CLANG_WARN_INT_CONVERSION = YES;
				CLANG_WARN_NON_LITERAL_NULL_CONVERSION = YES;
				CLANG_WARN_OBJC_LITERAL_CONVERSION = YES;
				CLANG_WARN_OBJC_ROOT_CLASS = YES_ERROR;
				CLANG_WARN_RANGE_LOOP_ANALYSIS = YES;
				CLANG_WARN_STRICT_PROTOTYPES = YES;
				CLANG_WARN_SUSPICIOUS_MOVE = YES;
				CLANG_WARN_UNGUARDED_AVAILABILITY = YES_AGGRESSIVE;
				CLANG_WARN_UNREACHABLE_CODE = YES;
				CLANG_WARN__DUPLICATE_METHOD_MATCH = YES;
				CODE_SIGN_IDENTITY = "iPhone Developer";
				COPY_PHASE_STRIP = NO;
				DEBUG_INFORMATION_FORMAT = "dwarf-with-dsym";
				ENABLE_NS_ASSERTIONS = NO;
				ENABLE_STRICT_OBJC_MSGSEND = YES;
				GCC_C_LANGUAGE_STANDARD = gnu11;
				GCC_NO_COMMON_BLOCKS = YES;
				GCC_WARN_64_TO_32_BIT_CONVERSION = YES;
				GCC_WARN_ABOUT_RETURN_TYPE = YES_ERROR;
				GCC_WARN_UNDECLARED_SELECTOR = YES;
				GCC_WARN_UNINITIALIZED_AUTOS = YES_AGGRESSIVE;
				GCC_WARN_UNUSED_FUNCTION = YES;
				GCC_WARN_UNUSED_VARIABLE = YES;
				IPHONEOS_DEPLOYMENT_TARGET = 11.2;
				MTL_ENABLE_DEBUG_INFO = NO;
				SDKROOT = iphoneos;
				SWIFT_OPTIMIZATION_LEVEL = "-Owholemodule";
				VALIDATE_PRODUCT = YES;
			};
			name = Release;
		};
		DB08DEDB209882DB0055CAC2 /* Debug */ = {
			isa = XCBuildConfiguration;
			buildSettings = {
				ASSETCATALOG_COMPILER_APPICON_NAME = AppIcon;
				CODE_SIGN_STYLE = Automatic;
				INFOPLIST_FILE = xyz/Info.plist;
				LD_RUNPATH_SEARCH_PATHS = "$(inherited) @executable_path/Frameworks";
				PRODUCT_BUNDLE_IDENTIFIER = BRN.xyz;
				PRODUCT_NAME = "$(TARGET_NAME)";
				SWIFT_VERSION = 4.0;
				TARGETED_DEVICE_FAMILY = "1,2";
			};
			name = Debug;
		};
		DB08DEDC209882DB0055CAC2 /* Release */ = {
			isa = XCBuildConfiguration;
			buildSettings = {
				ASSETCATALOG_COMPILER_APPICON_NAME = AppIcon;
				CODE_SIGN_STYLE = Automatic;
				INFOPLIST_FILE = xyz/Info.plist;
				LD_RUNPATH_SEARCH_PATHS = "$(inherited) @executable_path/Frameworks";
				PRODUCT_BUNDLE_IDENTIFIER = BRN.xyz;
				PRODUCT_NAME = "$(TARGET_NAME)";
				SWIFT_VERSION = 4.0;
				TARGETED_DEVICE_FAMILY = "1,2";
			};
			name = Release;
		};
/* End XCBuildConfiguration section */

/* Begin XCConfigurationList section */
		DB08DEC3209882DB0055CAC2 /* Build configuration list for PBXProject "xyz" */ = {
			isa = XCConfigurationList;
			buildConfigurations = (
				DB08DED8209882DB0055CAC2 /* Debug */,
				DB08DED9209882DB0055CAC2 /* Release */,
			);
			defaultConfigurationIsVisible = 0;
			defaultConfigurationName = Release;
		};
		DB08DEDA209882DB0055CAC2 /* Build configuration list for PBXNativeTarget "xyz" */ = {
			isa = XCConfigurationList;
			buildConfigurations = (
				DB08DEDB209882DB0055CAC2 /* Debug */,
				DB08DEDC209882DB0055CAC2 /* Release */,
			);
			defaultConfigurationIsVisible = 0;
			defaultConfigurationName = Release;
		};
/* End XCConfigurationList section */
	};
	rootObject = DB08DEC0209882DB0055CAC2 /* Project object */;
}
